
Microsoft Visual Studio Solution File, Format Version 12.00
# Visual Studio Version 17
VisualStudioVersion = 17.11.35208.52
MinimumVisualStudioVersion = 10.0.40219.1
Project("{8BC9CEB8-8B4A-11D0-8D11-00A0C91BC942}") = "App", "App\App.vcxproj", "{CD4DA922-1547-45F5-A98C-52803BA67A46}"
EndProject
Project("{8BC9CEB8-8B4A-11D0-8D11-00A0C91BC942}") = "Common", "Common\Common.vcxproj", "{92AF6B1E-5E5C-4D55-8E85-1C4F194AA810}"
EndProject
Project("{8BC9CEB8-8B4A-11D0-8D11-00A0C91BC942}") = "Renderer_OpenGL", "Renderer_OpenGL\Renderer_OpenGL.vcxproj", "{51B459AD-A3A2-4F32-86A2-9E56663549AA}"
EndProject
Project("{8BC9CEB8-8B4A-11D0-8D11-00A0C91BC942}") = "Engine_Core", "Engine_Core\Engine_Core.vcxproj", "{8792AA08-ECB7-43FE-9465-098D9287A554}"
EndProject
Project("{8BC9CEB8-8B4A-11D0-8D11-00A0C91BC942}") = "Asset_Loader", "Asset_Loader\Asset_Loader.vcxproj", "{A3A0A56B-59B6-4A11-83A8-17BFD0759979}"
EndProject
Project("{8BC9CEB8-8B4A-11D0-8D11-00A0C91BC942}") = "CUDA", "CUDA\CUDA.vcxproj", "{84132780-DAC2-4792-81D2-22E5879184D6}"
EndProject
Global
	GlobalSection(SolutionConfigurationPlatforms) = preSolution
		Debug|x64 = Debug|x64
		Debug|x86 = Debug|x86
		Release|x64 = Release|x64
		Release|x86 = Release|x86
	EndGlobalSection
	GlobalSection(ProjectConfigurationPlatforms) = postSolution
		{CD4DA922-1547-45F5-A98C-52803BA67A46}.Debug|x64.ActiveCfg = Debug|x64
		{CD4DA922-1547-45F5-A98C-52803BA67A46}.Debug|x64.Build.0 = Debug|x64
		{CD4DA922-1547-45F5-A98C-52803BA67A46}.Debug|x86.ActiveCfg = Debug|Win32
		{CD4DA922-1547-45F5-A98C-52803BA67A46}.Debug|x86.Build.0 = Debug|Win32
		{CD4DA922-1547-45F5-A98C-52803BA67A46}.Release|x64.ActiveCfg = Release|x64
		{CD4DA922-1547-45F5-A98C-52803BA67A46}.Release|x64.Build.0 = Release|x64
		{CD4DA922-1547-45F5-A98C-52803BA67A46}.Release|x86.ActiveCfg = Release|Win32
		{CD4DA922-1547-45F5-A98C-52803BA67A46}.Release|x86.Build.0 = Release|Win32
		{92AF6B1E-5E5C-4D55-8E85-1C4F194AA810}.Debug|x64.ActiveCfg = Debug|x64
		{92AF6B1E-5E5C-4D55-8E85-1C4F194AA810}.Debug|x64.Build.0 = Debug|x64
		{92AF6B1E-5E5C-4D55-8E85-1C4F194AA810}.Debug|x86.ActiveCfg = Debug|Win32
		{92AF6B1E-5E5C-4D55-8E85-1C4F194AA810}.Debug|x86.Build.0 = Debug|Win32
		{92AF6B1E-5E5C-4D55-8E85-1C4F194AA810}.Release|x64.ActiveCfg = Release|x64
		{92AF6B1E-5E5C-4D55-8E85-1C4F194AA810}.Release|x64.Build.0 = Release|x64
		{92AF6B1E-5E5C-4D55-8E85-1C4F194AA810}.Release|x86.ActiveCfg = Release|Win32
		{92AF6B1E-5E5C-4D55-8E85-1C4F194AA810}.Release|x86.Build.0 = Release|Win32
		{51B459AD-A3A2-4F32-86A2-9E56663549AA}.Debug|x64.ActiveCfg = Debug|x64
		{51B459AD-A3A2-4F32-86A2-9E56663549AA}.Debug|x64.Build.0 = Debug|x64
		{51B459AD-A3A2-4F32-86A2-9E56663549AA}.Debug|x86.ActiveCfg = Debug|Win32
		{51B459AD-A3A2-4F32-86A2-9E56663549AA}.Debug|x86.Build.0 = Debug|Win32
		{51B459AD-A3A2-4F32-86A2-9E56663549AA}.Release|x64.ActiveCfg = Release|x64
		{51B459AD-A3A2-4F32-86A2-9E56663549AA}.Release|x64.Build.0 = Release|x64
		{51B459AD-A3A2-4F32-86A2-9E56663549AA}.Release|x86.ActiveCfg = Release|Win32
		{51B459AD-A3A2-4F32-86A2-9E56663549AA}.Release|x86.Build.0 = Release|Win32
		{8792AA08-ECB7-43FE-9465-098D9287A554}.Debug|x64.ActiveCfg = Debug|x64
		{8792AA08-ECB7-43FE-9465-098D9287A554}.Debug|x64.Build.0 = Debug|x64
		{8792AA08-ECB7-43FE-9465-098D9287A554}.Debug|x86.ActiveCfg = Debug|Win32
		{8792AA08-ECB7-43FE-9465-098D9287A554}.Debug|x86.Build.0 = Debug|Win32
		{8792AA08-ECB7-43FE-9465-098D9287A554}.Release|x64.ActiveCfg = Release|x64
		{8792AA08-ECB7-43FE-9465-098D9287A554}.Release|x64.Build.0 = Release|x64
		{8792AA08-ECB7-43FE-9465-098D9287A554}.Release|x86.ActiveCfg = Release|Win32
		{8792AA08-ECB7-43FE-9465-098D9287A554}.Release|x86.Build.0 = Release|Win32
		{A3A0A56B-59B6-4A11-83A8-17BFD0759979}.Debug|x64.ActiveCfg = Debug|x64
		{A3A0A56B-59B6-4A11-83A8-17BFD0759979}.Debug|x64.Build.0 = Debug|x64
		{A3A0A56B-59B6-4A11-83A8-17BFD0759979}.Debug|x86.ActiveCfg = Debug|Win32
		{A3A0A56B-59B6-4A11-83A8-17BFD0759979}.Debug|x86.Build.0 = Debug|Win32
		{A3A0A56B-59B6-4A11-83A8-17BFD0759979}.Release|x64.ActiveCfg = Release|x64
		{A3A0A56B-59B6-4A11-83A8-17BFD0759979}.Release|x64.Build.0 = Release|x64
		{A3A0A56B-59B6-4A11-83A8-17BFD0759979}.Release|x86.ActiveCfg = Release|Win32
		{A3A0A56B-59B6-4A11-83A8-17BFD0759979}.Release|x86.Build.0 = Release|Win32
		{84132780-DAC2-4792-81D2-22E5879184D6}.Debug|x64.ActiveCfg = Debug|x64
		{84132780-DAC2-4792-81D2-22E5879184D6}.Debug|x64.Build.0 = Debug|x64
		{84132780-DAC2-4792-81D2-22E5879184D6}.Debug|x86.ActiveCfg = Debug|x64
		{84132780-DAC2-4792-81D2-22E5879184D6}.Debug|x86.Build.0 = Debug|x64
		{84132780-DAC2-4792-81D2-22E5879184D6}.Release|x64.ActiveCfg = Release|x64
		{84132780-DAC2-4792-81D2-22E5879184D6}.Release|x64.Build.0 = Release|x64
		{84132780-DAC2-4792-81D2-22E5879184D6}.Release|x86.ActiveCfg = Release|x64
		{84132780-DAC2-4792-81D2-22E5879184D6}.Release|x86.Build.0 = Release|x64
	EndGlobalSection
	GlobalSection(SolutionProperties) = preSolution
		HideSolutionNode = FALSE
	EndGlobalSection
	GlobalSection(ExtensibilityGlobals) = postSolution
		SolutionGuid = {BA2096B3-3772-4D6F-8E3F-D572ACB67E37}
	EndGlobalSection
EndGlobal
