<?xml version="1.0" encoding="utf-8"?>
<Project ToolsVersion="4.0" xmlns="http://schemas.microsoft.com/developer/msbuild/2003">
  <ItemGroup>
    <Filter Include="Source Files">
      <UniqueIdentifier>{4FC737F1-C7A5-4376-A066-2A32D752A2FF}</UniqueIdentifier>
      <Extensions>cpp;c;cc;cxx;c++;cppm;ixx;def;odl;idl;hpj;bat;asm;asmx</Extensions>
    </Filter>
    <Filter Include="Header Files">
      <UniqueIdentifier>{93995380-89BD-4b04-88EB-625FBE52EBFB}</UniqueIdentifier>
      <Extensions>h;hh;hpp;hxx;h++;hm;inl;inc;ipp;xsd</Extensions>
    </Filter>
    <Filter Include="GameObject">
      <UniqueIdentifier>{b914d283-1c02-44c7-a962-621f28f7793e}</UniqueIdentifier>
    </Filter>
    <Filter Include="Managers">
      <UniqueIdentifier>{b9b58407-fddc-4be8-9295-b35a06188779}</UniqueIdentifier>
    </Filter>
    <Filter Include="Managers\GameObject">
      <UniqueIdentifier>{9328aedd-c60c-4c7a-8f8a-b7244f8e8b7c}</UniqueIdentifier>
    </Filter>
    <Filter Include="Engine_Core">
      <UniqueIdentifier>{4c53069d-3c6f-405c-8792-237ed6ef6fe7}</UniqueIdentifier>
    </Filter>
    <Filter Include="GameObject\Camera">
      <UniqueIdentifier>{907ecbb1-0f95-49b6-a154-a44b0332f2a4}</UniqueIdentifier>
    </Filter>
    <Filter Include="Transform">
      <UniqueIdentifier>{3344b392-650f-4afc-8fd4-3fb4f28100d3}</UniqueIdentifier>
    </Filter>
    <Filter Include="GameObject\Camera\FreeCamera">
      <UniqueIdentifier>{7b1143e9-842a-41d1-bc9d-f6ab6438b46e}</UniqueIdentifier>
    </Filter>
    <Filter Include="Managers\Input">
      <UniqueIdentifier>{65a826e9-4222-4012-a121-58615c7ae0d6}</UniqueIdentifier>
    </Filter>
    <Filter Include="Assets">
      <UniqueIdentifier>{d6bc65ff-23ed-4cfa-8fc3-7d6b9ca66eba}</UniqueIdentifier>
    </Filter>
    <Filter Include="Assets\ply">
      <UniqueIdentifier>{55cb7af1-dd14-4080-aefa-637fa0210895}</UniqueIdentifier>
    </Filter>
    <Filter Include="Managers\Asset">
      <UniqueIdentifier>{7ad1f6ac-8e74-450b-b344-898b2e7e52bc}</UniqueIdentifier>
    </Filter>
  </ItemGroup>
  <ItemGroup>
    <ClCompile Include="Sources\dllmain.cpp">
      <Filter>Source Files</Filter>
    </ClCompile>
    <ClCompile Include="Sources\pch.cpp">
      <Filter>Source Files</Filter>
    </ClCompile>
    <ClCompile Include="Sources\GameObject.cpp">
      <Filter>GameObject</Filter>
    </ClCompile>
    <ClCompile Include="Sources\GameObjectManager.cpp">
      <Filter>Managers\GameObject</Filter>
    </ClCompile>
    <ClCompile Include="Sources\Engine_Core.cpp">
      <Filter>Engine_Core</Filter>
    </ClCompile>
    <ClCompile Include="Sources\Camera.cpp">
      <Filter>GameObject\Camera</Filter>
    </ClCompile>
    <ClCompile Include="Sources\Transform.cpp">
      <Filter>Transform</Filter>
    </ClCompile>
    <ClCompile Include="Sources\Camera_Free.cpp">
      <Filter>GameObject\Camera\FreeCamera</Filter>
    </ClCompile>
    <ClCompile Include="Sources\InputManager.cpp">
      <Filter>Managers\Input</Filter>
    </ClCompile>
    <ClCompile Include="Sources\Util_Funcs.cpp">
      <Filter>Source Files</Filter>
    </ClCompile>
    <ClCompile Include="Sources\Asset.cpp">
      <Filter>Assets</Filter>
    </ClCompile>
    <ClCompile Include="Sources\Asset_ply.cpp">
      <Filter>Assets\ply</Filter>
    </ClCompile>
    <ClCompile Include="Sources\AssetManager.cpp">
      <Filter>Managers\Asset</Filter>
    </ClCompile>
  </ItemGroup>
  <ItemGroup>
    <ClInclude Include="Includes\framework.h">
      <Filter>Header Files</Filter>
    </ClInclude>
    <ClInclude Include="Includes\pch.h">
      <Filter>Header Files</Filter>
    </ClInclude>
    <ClInclude Include="Includes\GameObject.h">
      <Filter>GameObject</Filter>
    </ClInclude>
    <ClInclude Include="Includes\EngineConfig.h">
      <Filter>Header Files</Filter>
    </ClInclude>
    <ClInclude Include="Includes\GameObjectManager.h">
      <Filter>Managers\GameObject</Filter>
    </ClInclude>
    <ClInclude Include="Includes\Engine_Core.h">
      <Filter>Engine_Core</Filter>
    </ClInclude>
    <ClInclude Include="Includes\Enums.h">
      <Filter>Header Files</Filter>
    </ClInclude>
    <ClInclude Include="Includes\Camera.h">
      <Filter>GameObject\Camera</Filter>
    </ClInclude>
    <ClInclude Include="Includes\Transform.h">
      <Filter>Transform</Filter>
    </ClInclude>
    <ClInclude Include="Includes\Structs.h">
      <Filter>Header Files</Filter>
    </ClInclude>
    <ClInclude Include="Includes\CommonInclude.h">
      <Filter>Source Files</Filter>
    </ClInclude>
    <ClInclude Include="Includes\Camera_Free.h">
      <Filter>GameObject\Camera\FreeCamera</Filter>
    </ClInclude>
    <ClInclude Include="Includes\InputManager.h">
      <Filter>Managers\Input</Filter>
    </ClInclude>
    <ClInclude Include="Includes\Util_Funcs.h">
      <Filter>Header Files</Filter>
    </ClInclude>
    <ClInclude Include="Includes\Asset.h">
      <Filter>Assets</Filter>
    </ClInclude>
    <ClInclude Include="Includes\Asset_ply.h">
      <Filter>Assets\ply</Filter>
    </ClInclude>
    <ClInclude Include="Includes\IncludeLibs.h">
      <Filter>Header Files</Filter>
    </ClInclude>
    <ClInclude Include="Includes\AssetManager.h">
      <Filter>Managers\Asset</Filter>
    </ClInclude>
  </ItemGroup>
  <ItemGroup>
    <None Include="packages.config" />
  </ItemGroup>
</Project>