<?xml version="1.0" encoding="utf-8"?>
<Project ToolsVersion="4.0" xmlns="http://schemas.microsoft.com/developer/msbuild/2003">
  <ItemGroup>
    <Filter Include="Source Files">
      <UniqueIdentifier>{4FC737F1-C7A5-4376-A066-2A32D752A2FF}</UniqueIdentifier>
      <Extensions>cpp;c;cc;cxx;c++;cppm;ixx;def;odl;idl;hpj;bat;asm;asmx</Extensions>
    </Filter>
    <Filter Include="Header Files">
      <UniqueIdentifier>{93995380-89BD-4b04-88EB-625FBE52EBFB}</UniqueIdentifier>
      <Extensions>h;hh;hpp;hxx;h++;hm;inl;inc;ipp;xsd</Extensions>
    </Filter>
    <Filter Include="Extlibs">
      <UniqueIdentifier>{7d56ae8c-f337-4e97-b9a6-c798bc7d25dc}</UniqueIdentifier>
    </Filter>
    <Filter Include="Engine">
      <UniqueIdentifier>{248f02ce-aaa4-4486-9ab7-b301e64d72e0}</UniqueIdentifier>
    </Filter>
    <Filter Include="Engine\Viewer">
      <UniqueIdentifier>{a3e7a4de-d03b-40b8-8d94-f7ac6e6a2867}</UniqueIdentifier>
    </Filter>
    <Filter Include="Graphics">
      <UniqueIdentifier>{6d6d2659-a1c8-49ae-9e04-88cdb7e4f3d7}</UniqueIdentifier>
    </Filter>
    <Filter Include="Objects">
      <UniqueIdentifier>{f435d504-014c-4c5f-bc65-2365c641d93c}</UniqueIdentifier>
    </Filter>
    <Filter Include="Graphics\RenderTarget">
      <UniqueIdentifier>{11f0f81e-042b-416d-a62c-baabd5c76a8d}</UniqueIdentifier>
    </Filter>
    <Filter Include="Graphics\ShaderObject">
      <UniqueIdentifier>{2a74e530-2b19-4e70-ae25-ad5730de22f7}</UniqueIdentifier>
    </Filter>
    <Filter Include="Engine\Renderer">
      <UniqueIdentifier>{68425b72-4fec-4116-9a28-952636716dac}</UniqueIdentifier>
    </Filter>
    <Filter Include="Objects\MeshObject">
      <UniqueIdentifier>{6482c2a0-7feb-4f06-8e73-82a4f7a1e1ae}</UniqueIdentifier>
    </Filter>
    <Filter Include="Objects\MeshObject\ColoredMesh">
      <UniqueIdentifier>{458201e0-e2d1-44ba-9b2d-fb7c6be6ab43}</UniqueIdentifier>
    </Filter>
  </ItemGroup>
  <ItemGroup>
    <ClInclude Include="Includes\ColoredMesh.h">
      <Filter>Header Files</Filter>
    </ClInclude>
    <ClInclude Include="Includes\Engine.h">
      <Filter>Header Files</Filter>
    </ClInclude>
    <ClInclude Include="Includes\EngineConfig.h">
      <Filter>Header Files</Filter>
    </ClInclude>
    <ClInclude Include="Includes\framework.h">
      <Filter>Header Files</Filter>
    </ClInclude>
    <ClInclude Include="Includes\Macros.h">
      <Filter>Header Files</Filter>
    </ClInclude>
    <ClInclude Include="Includes\MeshObject.h">
      <Filter>Header Files</Filter>
    </ClInclude>
    <ClInclude Include="Includes\pch.h">
      <Filter>Header Files</Filter>
    </ClInclude>
    <ClInclude Include="Includes\Renderer.h">
      <Filter>Header Files</Filter>
    </ClInclude>
    <ClInclude Include="Includes\RenderTarget.h">
      <Filter>Header Files</Filter>
    </ClInclude>
    <ClInclude Include="Includes\ShaderObject.h">
      <Filter>Header Files</Filter>
    </ClInclude>
    <ClInclude Include="Includes\Typedefs.h">
      <Filter>Header Files</Filter>
    </ClInclude>
    <ClInclude Include="Includes\Viewer.h">
      <Filter>Header Files</Filter>
    </ClInclude>
  </ItemGroup>
  <ItemGroup>
    <ClCompile Include="Sources\Engine.cpp">
      <Filter>Engine</Filter>
    </ClCompile>
    <ClCompile Include="Sources\Viewer.cpp">
      <Filter>Engine\Viewer</Filter>
    </ClCompile>
    <ClCompile Include="Sources\RenderTarget.cpp">
      <Filter>Graphics\RenderTarget</Filter>
    </ClCompile>
    <ClCompile Include="Sources\ShaderObject.cpp">
      <Filter>Graphics\ShaderObject</Filter>
    </ClCompile>
    <ClCompile Include="Sources\Renderer.cpp">
      <Filter>Engine\Renderer</Filter>
    </ClCompile>
    <ClCompile Include="Sources\MeshObject.cpp">
      <Filter>Objects\MeshObject</Filter>
    </ClCompile>
    <ClCompile Include="Sources\ColoredMesh.cpp">
      <Filter>Objects\MeshObject\ColoredMesh</Filter>
    </ClCompile>
    <ClCompile Include="..\Libs\glad\glad.c">
      <Filter>Extlibs</Filter>
    </ClCompile>
  </ItemGroup>
  <ItemGroup>
    <None Include="packages.config" />
  </ItemGroup>
</Project>